// !$*UTF8*$!
{
	archiveVersion = 1;
	classes = {
	};
	objectVersion = 51;
	objects = {

/* Begin PBXBuildFile section */
		0A1A972C260529C5007E84DF /* AppDelegate.swift in Sources */ = {isa = PBXBuildFile; fileRef = 0A1A972B260529C5007E84DF /* AppDelegate.swift */; };
		0A1A972E260529C5007E84DF /* SceneDelegate.swift in Sources */ = {isa = PBXBuildFile; fileRef = 0A1A972D260529C5007E84DF /* SceneDelegate.swift */; };
		0A1A9735260529C7007E84DF /* Assets.xcassets in Resources */ = {isa = PBXBuildFile; fileRef = 0A1A9734260529C7007E84DF /* Assets.xcassets */; };
		0A1A9738260529C7007E84DF /* LaunchScreen.storyboard in Resources */ = {isa = PBXBuildFile; fileRef = 0A1A9736260529C7007E84DF /* LaunchScreen.storyboard */; };
		0A1A97452605319D007E84DF /* Coordinatable.swift in Sources */ = {isa = PBXBuildFile; fileRef = 0A1A97442605319D007E84DF /* Coordinatable.swift */; };
		0A1A9749260531DC007E84DF /* Presentable.swift in Sources */ = {isa = PBXBuildFile; fileRef = 0A1A9748260531DC007E84DF /* Presentable.swift */; };
		0A1A974C26053274007E84DF /* Routable.swift in Sources */ = {isa = PBXBuildFile; fileRef = 0A1A974B26053274007E84DF /* Routable.swift */; };
		0A1A975026053457007E84DF /* Typealiases.swift in Sources */ = {isa = PBXBuildFile; fileRef = 0A1A974F26053457007E84DF /* Typealiases.swift */; };
		0A1A97542605368D007E84DF /* BaseCoordinator.swift in Sources */ = {isa = PBXBuildFile; fileRef = 0A1A97532605368D007E84DF /* BaseCoordinator.swift */; };
		0A1A9762260637E0007E84DF /* AppCoordinator.swift in Sources */ = {isa = PBXBuildFile; fileRef = 0A1A9761260637E0007E84DF /* AppCoordinator.swift */; };
		0A1A976926075A8B007E84DF /* AppRouter.swift in Sources */ = {isa = PBXBuildFile; fileRef = 0A1A976826075A8B007E84DF /* AppRouter.swift */; };
		0A1A977226077489007E84DF /* AppCoordinatorAssembly.swift in Sources */ = {isa = PBXBuildFile; fileRef = 0A1A977126077489007E84DF /* AppCoordinatorAssembly.swift */; };
		0A1A977926077970007E84DF /* ServicesAssembly.swift in Sources */ = {isa = PBXBuildFile; fileRef = 0A1A977826077970007E84DF /* ServicesAssembly.swift */; };
		0A571EC32646FD520076BA3D /* PrimaryTextField.swift in Sources */ = {isa = PBXBuildFile; fileRef = 0A571EC22646FD520076BA3D /* PrimaryTextField.swift */; };
		0A571EC52647051B0076BA3D /* UIView+SafeArea.swift in Sources */ = {isa = PBXBuildFile; fileRef = 0A571EC42647051B0076BA3D /* UIView+SafeArea.swift */; };
		0A6ED2EF260796C200807C43 /* Notification.Name+Logout.swift in Sources */ = {isa = PBXBuildFile; fileRef = 0A6ED2EE260796C200807C43 /* Notification.Name+Logout.swift */; };
		0A6ED2FE26079E3000807C43 /* AuthViewModel.swift in Sources */ = {isa = PBXBuildFile; fileRef = 0A6ED2F726079E3000807C43 /* AuthViewModel.swift */; };
		0A6ED2FF26079E3000807C43 /* AuthModuleAssembly.swift in Sources */ = {isa = PBXBuildFile; fileRef = 0A6ED2F826079E3000807C43 /* AuthModuleAssembly.swift */; };
		0A6ED30026079E3000807C43 /* AuthView.swift in Sources */ = {isa = PBXBuildFile; fileRef = 0A6ED2FA26079E3000807C43 /* AuthView.swift */; };
		0A6ED30126079E3000807C43 /* AuthViewController.swift in Sources */ = {isa = PBXBuildFile; fileRef = 0A6ED2FC26079E3000807C43 /* AuthViewController.swift */; };
		0A6ED30226079E3000807C43 /* AuthModule.swift in Sources */ = {isa = PBXBuildFile; fileRef = 0A6ED2FD26079E3000807C43 /* AuthModule.swift */; };
		0A6ED30626079FF000807C43 /* AuthCoordinator.swift in Sources */ = {isa = PBXBuildFile; fileRef = 0A6ED30526079FF000807C43 /* AuthCoordinator.swift */; };
		0A96B184262356EE0072216A /* UIViewController+ViewHolder.swift in Sources */ = {isa = PBXBuildFile; fileRef = 0A96B183262356EE0072216A /* UIViewController+ViewHolder.swift */; };
		0A96B1892623580D0072216A /* VMErrorType.swift in Sources */ = {isa = PBXBuildFile; fileRef = 0A96B1882623580D0072216A /* VMErrorType.swift */; };
		0A96B18C2623583C0072216A /* VMLoadingType.swift in Sources */ = {isa = PBXBuildFile; fileRef = 0A96B18B2623583C0072216A /* VMLoadingType.swift */; };
		0A96B191262358B10072216A /* UIViewController+VMErrorType.swift in Sources */ = {isa = PBXBuildFile; fileRef = 0A96B190262358B10072216A /* UIViewController+VMErrorType.swift */; };
		0A96B196262358DC0072216A /* UIViewController+VMLoadingType.swift in Sources */ = {isa = PBXBuildFile; fileRef = 0A96B195262358DC0072216A /* UIViewController+VMLoadingType.swift */; };
		0A96B19A2623EA7B0072216A /* UIViewController+Alert.swift in Sources */ = {isa = PBXBuildFile; fileRef = 0A96B1992623EA7B0072216A /* UIViewController+Alert.swift */; };
		0A96B19D2623ECA60072216A /* UIView+ErrorView.swift in Sources */ = {isa = PBXBuildFile; fileRef = 0A96B19C2623ECA60072216A /* UIView+ErrorView.swift */; };
		0A96B1A02623ED2F0072216A /* ErrorView.swift in Sources */ = {isa = PBXBuildFile; fileRef = 0A96B19F2623ED2F0072216A /* ErrorView.swift */; };
		0A96B1A42623F15A0072216A /* Fonts.swift in Sources */ = {isa = PBXBuildFile; fileRef = 0A96B1A32623F15A0072216A /* Fonts.swift */; };
		0A96B1A82623F2BC0072216A /* ProgressView.swift in Sources */ = {isa = PBXBuildFile; fileRef = 0A96B1A72623F2BC0072216A /* ProgressView.swift */; };
		0A96B1AC2623F3110072216A /* ProgressSuccessView.swift in Sources */ = {isa = PBXBuildFile; fileRef = 0A96B1AB2623F3110072216A /* ProgressSuccessView.swift */; };
		0A96B1B02624961E0072216A /* UIView+ActivityIndicator.swift in Sources */ = {isa = PBXBuildFile; fileRef = 0A96B1AF2624961E0072216A /* UIView+ActivityIndicator.swift */; };
		0A96B1B4262496B60072216A /* ActivityIndicatorView.swift in Sources */ = {isa = PBXBuildFile; fileRef = 0A96B1B3262496B60072216A /* ActivityIndicatorView.swift */; };
		0A96B1B8262497510072216A /* Layout.swift in Sources */ = {isa = PBXBuildFile; fileRef = 0A96B1B7262497510072216A /* Layout.swift */; };
		0A96B1BD26249FF60072216A /* ViewModelTransform.swift in Sources */ = {isa = PBXBuildFile; fileRef = 0A96B1BC26249FF60072216A /* ViewModelTransform.swift */; };
		0A96B1C22625C2B40072216A /* StackViewBuilder.swift in Sources */ = {isa = PBXBuildFile; fileRef = 0A96B1C12625C2B40072216A /* StackViewBuilder.swift */; };
		0A96B1C72625C9EB0072216A /* HighlightedButton.swift in Sources */ = {isa = PBXBuildFile; fileRef = 0A96B1C62625C9EB0072216A /* HighlightedButton.swift */; };
		0A96B1CB2625CBD80072216A /* UIColor.swift in Sources */ = {isa = PBXBuildFile; fileRef = 0A96B1CA2625CBD80072216A /* UIColor.swift */; };
		0A96B1D02625CD160072216A /* PrimaryButton.swift in Sources */ = {isa = PBXBuildFile; fileRef = 0A96B1CF2625CD160072216A /* PrimaryButton.swift */; };
		0A96B1D52625D8930072216A /* LoadingSequence.swift in Sources */ = {isa = PBXBuildFile; fileRef = 0A96B1D42625D8930072216A /* LoadingSequence.swift */; };
		0A96B1D82625D9410072216A /* CustomResult.swift in Sources */ = {isa = PBXBuildFile; fileRef = 0A96B1D72625D9410072216A /* CustomResult.swift */; };
		0A96B1DB2625DAD90072216A /* ObservableType+LoadingSequence.swift in Sources */ = {isa = PBXBuildFile; fileRef = 0A96B1DA2625DAD90072216A /* ObservableType+LoadingSequence.swift */; };
		0A9DA96826078F60007D935D /* AuthCoordinatorAssembly.swift in Sources */ = {isa = PBXBuildFile; fileRef = 0A9DA96726078F60007D935D /* AuthCoordinatorAssembly.swift */; };
		0A9DA96B26079295007D935D /* MainCoordinatorAssembly.swift in Sources */ = {isa = PBXBuildFile; fileRef = 0A9DA96A26079295007D935D /* MainCoordinatorAssembly.swift */; };
		0ABE9E05261A231E0019FF26 /* ApiRequestRetrier.swift in Sources */ = {isa = PBXBuildFile; fileRef = 0ABE9E04261A231E0019FF26 /* ApiRequestRetrier.swift */; };
		0ABE9E08261A42620019FF26 /* ApiRequestInterceptor.swift in Sources */ = {isa = PBXBuildFile; fileRef = 0ABE9E07261A42620019FF26 /* ApiRequestInterceptor.swift */; };
		0ABE9E0F261E241E0019FF26 /* AuthenticationServiceAssembly.swift in Sources */ = {isa = PBXBuildFile; fileRef = 0ABE9E0E261E241E0019FF26 /* AuthenticationServiceAssembly.swift */; };
		0AE08326262699EB00F8DFCD /* ValidationViewModel.swift in Sources */ = {isa = PBXBuildFile; fileRef = 0AE0831F262699EB00F8DFCD /* ValidationViewModel.swift */; };
		0AE08327262699EB00F8DFCD /* ValidationModule.swift in Sources */ = {isa = PBXBuildFile; fileRef = 0AE08320262699EB00F8DFCD /* ValidationModule.swift */; };
		0AE08328262699EB00F8DFCD /* ValidationView.swift in Sources */ = {isa = PBXBuildFile; fileRef = 0AE08322262699EB00F8DFCD /* ValidationView.swift */; };
		0AE08329262699EB00F8DFCD /* ValidationViewController.swift in Sources */ = {isa = PBXBuildFile; fileRef = 0AE08324262699EB00F8DFCD /* ValidationViewController.swift */; };
		0AE0832A262699EB00F8DFCD /* ValidationModuleAssembly.swift in Sources */ = {isa = PBXBuildFile; fileRef = 0AE08325262699EB00F8DFCD /* ValidationModuleAssembly.swift */; };
		0AF2CFB02610C843006903CC /* AuthenticationService.swift in Sources */ = {isa = PBXBuildFile; fileRef = 0AF2CFAF2610C843006903CC /* AuthenticationService.swift */; };
		0AF2CFB52610C88E006903CC /* OAuthToken.swift in Sources */ = {isa = PBXBuildFile; fileRef = 0AF2CFB42610C88E006903CC /* OAuthToken.swift */; };
		0AF2CFBA2610CE77006903CC /* ApiService.swift in Sources */ = {isa = PBXBuildFile; fileRef = 0AF2CFB92610CE77006903CC /* ApiService.swift */; };
		0AF2CFCA2610CFF8006903CC /* ApiTarget.swift in Sources */ = {isa = PBXBuildFile; fileRef = 0AF2CFC92610CFF8006903CC /* ApiTarget.swift */; };
		0AF2CFCD2610D29B006903CC /* Bundle+localizationCode.swift in Sources */ = {isa = PBXBuildFile; fileRef = 0AF2CFCC2610D29B006903CC /* Bundle+localizationCode.swift */; };
		0AF2CFD32610D300006903CC /* ApiRequestable.swift in Sources */ = {isa = PBXBuildFile; fileRef = 0AF2CFD22610D300006903CC /* ApiRequestable.swift */; };
		0AF2CFDB2610F48D006903CC /* ApiResponseError.swift in Sources */ = {isa = PBXBuildFile; fileRef = 0AF2CFDA2610F48D006903CC /* ApiResponseError.swift */; };
		0AF2CFDE2610F659006903CC /* ApiResponseArray.swift in Sources */ = {isa = PBXBuildFile; fileRef = 0AF2CFDD2610F659006903CC /* ApiResponseArray.swift */; };
		0AF2CFE12610F685006903CC /* ApiSafeDecodable.swift in Sources */ = {isa = PBXBuildFile; fileRef = 0AF2CFE02610F685006903CC /* ApiSafeDecodable.swift */; };
		0AF2CFE426124033006903CC /* ApiRequest.swift in Sources */ = {isa = PBXBuildFile; fileRef = 0AF2CFE326124032006903CC /* ApiRequest.swift */; };
		0AF2CFE8261243AD006903CC /* MultipartFormDataConvertible.swift in Sources */ = {isa = PBXBuildFile; fileRef = 0AF2CFE7261243AD006903CC /* MultipartFormDataConvertible.swift */; };
		0AF2CFEB2612587A006903CC /* ApiServicesAssembly.swift in Sources */ = {isa = PBXBuildFile; fileRef = 0AF2CFEA2612587A006903CC /* ApiServicesAssembly.swift */; };
		0AF2CFF02613A43C006903CC /* OAuthServiceTarget.swift in Sources */ = {isa = PBXBuildFile; fileRef = 0AF2CFEF2613A43C006903CC /* OAuthServiceTarget.swift */; };
		0AF2CFF32617B51A006903CC /* Token.swift in Sources */ = {isa = PBXBuildFile; fileRef = 0AF2CFF22617B51A006903CC /* Token.swift */; };
		0AF2CFF72619FE2A006903CC /* Observable+asVoid.swift in Sources */ = {isa = PBXBuildFile; fileRef = 0AF2CFF62619FE2A006903CC /* Observable+asVoid.swift */; };
		0AF2CFFB261A0261006903CC /* ApiRequestAdapter.swift in Sources */ = {isa = PBXBuildFile; fileRef = 0AF2CFFA261A0261006903CC /* ApiRequestAdapter.swift */; };
		C95266B5DF26593476972641 /* Pods_Lapa.framework in Frameworks */ = {isa = PBXBuildFile; fileRef = 85E4B059F21F6717E85E8175 /* Pods_Lapa.framework */; };
/* End PBXBuildFile section */

/* Begin PBXFileReference section */
		0A1A9728260529C5007E84DF /* Lapa.app */ = {isa = PBXFileReference; explicitFileType = wrapper.application; includeInIndex = 0; path = Lapa.app; sourceTree = BUILT_PRODUCTS_DIR; };
		0A1A972B260529C5007E84DF /* AppDelegate.swift */ = {isa = PBXFileReference; lastKnownFileType = sourcecode.swift; path = AppDelegate.swift; sourceTree = "<group>"; };
		0A1A972D260529C5007E84DF /* SceneDelegate.swift */ = {isa = PBXFileReference; lastKnownFileType = sourcecode.swift; path = SceneDelegate.swift; sourceTree = "<group>"; };
		0A1A9734260529C7007E84DF /* Assets.xcassets */ = {isa = PBXFileReference; lastKnownFileType = folder.assetcatalog; path = Assets.xcassets; sourceTree = "<group>"; };
		0A1A9737260529C7007E84DF /* Base */ = {isa = PBXFileReference; lastKnownFileType = file.storyboard; name = Base; path = Base.lproj/LaunchScreen.storyboard; sourceTree = "<group>"; };
		0A1A9739260529C7007E84DF /* Info.plist */ = {isa = PBXFileReference; lastKnownFileType = text.plist.xml; path = Info.plist; sourceTree = "<group>"; };
		0A1A97442605319D007E84DF /* Coordinatable.swift */ = {isa = PBXFileReference; lastKnownFileType = sourcecode.swift; path = Coordinatable.swift; sourceTree = "<group>"; };
		0A1A9748260531DC007E84DF /* Presentable.swift */ = {isa = PBXFileReference; lastKnownFileType = sourcecode.swift; path = Presentable.swift; sourceTree = "<group>"; };
		0A1A974B26053274007E84DF /* Routable.swift */ = {isa = PBXFileReference; lastKnownFileType = sourcecode.swift; path = Routable.swift; sourceTree = "<group>"; };
		0A1A974F26053457007E84DF /* Typealiases.swift */ = {isa = PBXFileReference; lastKnownFileType = sourcecode.swift; path = Typealiases.swift; sourceTree = "<group>"; };
		0A1A97532605368D007E84DF /* BaseCoordinator.swift */ = {isa = PBXFileReference; lastKnownFileType = sourcecode.swift; path = BaseCoordinator.swift; sourceTree = "<group>"; };
		0A1A9761260637E0007E84DF /* AppCoordinator.swift */ = {isa = PBXFileReference; lastKnownFileType = sourcecode.swift; path = AppCoordinator.swift; sourceTree = "<group>"; };
		0A1A976826075A8B007E84DF /* AppRouter.swift */ = {isa = PBXFileReference; lastKnownFileType = sourcecode.swift; path = AppRouter.swift; sourceTree = "<group>"; };
		0A1A977126077489007E84DF /* AppCoordinatorAssembly.swift */ = {isa = PBXFileReference; lastKnownFileType = sourcecode.swift; path = AppCoordinatorAssembly.swift; sourceTree = "<group>"; };
		0A1A977826077970007E84DF /* ServicesAssembly.swift */ = {isa = PBXFileReference; lastKnownFileType = sourcecode.swift; path = ServicesAssembly.swift; sourceTree = "<group>"; };
		0A571EC22646FD520076BA3D /* PrimaryTextField.swift */ = {isa = PBXFileReference; lastKnownFileType = sourcecode.swift; path = PrimaryTextField.swift; sourceTree = "<group>"; };
		0A571EC42647051B0076BA3D /* UIView+SafeArea.swift */ = {isa = PBXFileReference; lastKnownFileType = sourcecode.swift; path = "UIView+SafeArea.swift"; sourceTree = "<group>"; };
		0A6ED2EE260796C200807C43 /* Notification.Name+Logout.swift */ = {isa = PBXFileReference; lastKnownFileType = sourcecode.swift; path = "Notification.Name+Logout.swift"; sourceTree = "<group>"; };
		0A6ED2F726079E3000807C43 /* AuthViewModel.swift */ = {isa = PBXFileReference; fileEncoding = 4; lastKnownFileType = sourcecode.swift; path = AuthViewModel.swift; sourceTree = "<group>"; };
		0A6ED2F826079E3000807C43 /* AuthModuleAssembly.swift */ = {isa = PBXFileReference; fileEncoding = 4; lastKnownFileType = sourcecode.swift; path = AuthModuleAssembly.swift; sourceTree = "<group>"; };
		0A6ED2FA26079E3000807C43 /* AuthView.swift */ = {isa = PBXFileReference; fileEncoding = 4; lastKnownFileType = sourcecode.swift; path = AuthView.swift; sourceTree = "<group>"; };
		0A6ED2FC26079E3000807C43 /* AuthViewController.swift */ = {isa = PBXFileReference; fileEncoding = 4; lastKnownFileType = sourcecode.swift; path = AuthViewController.swift; sourceTree = "<group>"; };
		0A6ED2FD26079E3000807C43 /* AuthModule.swift */ = {isa = PBXFileReference; fileEncoding = 4; lastKnownFileType = sourcecode.swift; path = AuthModule.swift; sourceTree = "<group>"; };
		0A6ED30526079FF000807C43 /* AuthCoordinator.swift */ = {isa = PBXFileReference; lastKnownFileType = sourcecode.swift; path = AuthCoordinator.swift; sourceTree = "<group>"; };
		0A96B183262356EE0072216A /* UIViewController+ViewHolder.swift */ = {isa = PBXFileReference; lastKnownFileType = sourcecode.swift; path = "UIViewController+ViewHolder.swift"; sourceTree = "<group>"; };
		0A96B1882623580D0072216A /* VMErrorType.swift */ = {isa = PBXFileReference; lastKnownFileType = sourcecode.swift; path = VMErrorType.swift; sourceTree = "<group>"; };
		0A96B18B2623583C0072216A /* VMLoadingType.swift */ = {isa = PBXFileReference; lastKnownFileType = sourcecode.swift; path = VMLoadingType.swift; sourceTree = "<group>"; };
		0A96B190262358B10072216A /* UIViewController+VMErrorType.swift */ = {isa = PBXFileReference; lastKnownFileType = sourcecode.swift; path = "UIViewController+VMErrorType.swift"; sourceTree = "<group>"; };
		0A96B195262358DC0072216A /* UIViewController+VMLoadingType.swift */ = {isa = PBXFileReference; lastKnownFileType = sourcecode.swift; path = "UIViewController+VMLoadingType.swift"; sourceTree = "<group>"; };
		0A96B1992623EA7B0072216A /* UIViewController+Alert.swift */ = {isa = PBXFileReference; lastKnownFileType = sourcecode.swift; path = "UIViewController+Alert.swift"; sourceTree = "<group>"; };
		0A96B19C2623ECA60072216A /* UIView+ErrorView.swift */ = {isa = PBXFileReference; lastKnownFileType = sourcecode.swift; path = "UIView+ErrorView.swift"; sourceTree = "<group>"; };
		0A96B19F2623ED2F0072216A /* ErrorView.swift */ = {isa = PBXFileReference; lastKnownFileType = sourcecode.swift; path = ErrorView.swift; sourceTree = "<group>"; };
		0A96B1A32623F15A0072216A /* Fonts.swift */ = {isa = PBXFileReference; lastKnownFileType = sourcecode.swift; path = Fonts.swift; sourceTree = "<group>"; };
		0A96B1A72623F2BC0072216A /* ProgressView.swift */ = {isa = PBXFileReference; lastKnownFileType = sourcecode.swift; path = ProgressView.swift; sourceTree = "<group>"; };
		0A96B1AB2623F3110072216A /* ProgressSuccessView.swift */ = {isa = PBXFileReference; lastKnownFileType = sourcecode.swift; path = ProgressSuccessView.swift; sourceTree = "<group>"; };
		0A96B1AF2624961E0072216A /* UIView+ActivityIndicator.swift */ = {isa = PBXFileReference; lastKnownFileType = sourcecode.swift; path = "UIView+ActivityIndicator.swift"; sourceTree = "<group>"; };
		0A96B1B3262496B60072216A /* ActivityIndicatorView.swift */ = {isa = PBXFileReference; lastKnownFileType = sourcecode.swift; path = ActivityIndicatorView.swift; sourceTree = "<group>"; };
		0A96B1B7262497510072216A /* Layout.swift */ = {isa = PBXFileReference; lastKnownFileType = sourcecode.swift; path = Layout.swift; sourceTree = "<group>"; };
		0A96B1BC26249FF60072216A /* ViewModelTransform.swift */ = {isa = PBXFileReference; lastKnownFileType = sourcecode.swift; path = ViewModelTransform.swift; sourceTree = "<group>"; };
		0A96B1C12625C2B40072216A /* StackViewBuilder.swift */ = {isa = PBXFileReference; lastKnownFileType = sourcecode.swift; path = StackViewBuilder.swift; sourceTree = "<group>"; };
		0A96B1C62625C9EB0072216A /* HighlightedButton.swift */ = {isa = PBXFileReference; lastKnownFileType = sourcecode.swift; path = HighlightedButton.swift; sourceTree = "<group>"; };
		0A96B1CA2625CBD80072216A /* UIColor.swift */ = {isa = PBXFileReference; lastKnownFileType = sourcecode.swift; path = UIColor.swift; sourceTree = "<group>"; };
		0A96B1CF2625CD160072216A /* PrimaryButton.swift */ = {isa = PBXFileReference; lastKnownFileType = sourcecode.swift; path = PrimaryButton.swift; sourceTree = "<group>"; };
		0A96B1D42625D8930072216A /* LoadingSequence.swift */ = {isa = PBXFileReference; lastKnownFileType = sourcecode.swift; path = LoadingSequence.swift; sourceTree = "<group>"; };
		0A96B1D72625D9410072216A /* CustomResult.swift */ = {isa = PBXFileReference; lastKnownFileType = sourcecode.swift; path = CustomResult.swift; sourceTree = "<group>"; };
		0A96B1DA2625DAD90072216A /* ObservableType+LoadingSequence.swift */ = {isa = PBXFileReference; lastKnownFileType = sourcecode.swift; path = "ObservableType+LoadingSequence.swift"; sourceTree = "<group>"; };
		0A9DA96726078F60007D935D /* AuthCoordinatorAssembly.swift */ = {isa = PBXFileReference; lastKnownFileType = sourcecode.swift; path = AuthCoordinatorAssembly.swift; sourceTree = "<group>"; };
		0A9DA96A26079295007D935D /* MainCoordinatorAssembly.swift */ = {isa = PBXFileReference; lastKnownFileType = sourcecode.swift; path = MainCoordinatorAssembly.swift; sourceTree = "<group>"; };
		0ABE9E04261A231E0019FF26 /* ApiRequestRetrier.swift */ = {isa = PBXFileReference; lastKnownFileType = sourcecode.swift; path = ApiRequestRetrier.swift; sourceTree = "<group>"; };
		0ABE9E07261A42620019FF26 /* ApiRequestInterceptor.swift */ = {isa = PBXFileReference; lastKnownFileType = sourcecode.swift; path = ApiRequestInterceptor.swift; sourceTree = "<group>"; };
		0ABE9E0E261E241E0019FF26 /* AuthenticationServiceAssembly.swift */ = {isa = PBXFileReference; lastKnownFileType = sourcecode.swift; path = AuthenticationServiceAssembly.swift; sourceTree = "<group>"; };
		0AE0831F262699EB00F8DFCD /* ValidationViewModel.swift */ = {isa = PBXFileReference; fileEncoding = 4; lastKnownFileType = sourcecode.swift; path = ValidationViewModel.swift; sourceTree = "<group>"; };
		0AE08320262699EB00F8DFCD /* ValidationModule.swift */ = {isa = PBXFileReference; fileEncoding = 4; lastKnownFileType = sourcecode.swift; path = ValidationModule.swift; sourceTree = "<group>"; };
		0AE08322262699EB00F8DFCD /* ValidationView.swift */ = {isa = PBXFileReference; fileEncoding = 4; lastKnownFileType = sourcecode.swift; path = ValidationView.swift; sourceTree = "<group>"; };
		0AE08324262699EB00F8DFCD /* ValidationViewController.swift */ = {isa = PBXFileReference; fileEncoding = 4; lastKnownFileType = sourcecode.swift; path = ValidationViewController.swift; sourceTree = "<group>"; };
		0AE08325262699EB00F8DFCD /* ValidationModuleAssembly.swift */ = {isa = PBXFileReference; fileEncoding = 4; lastKnownFileType = sourcecode.swift; path = ValidationModuleAssembly.swift; sourceTree = "<group>"; };
		0AF2CFAF2610C843006903CC /* AuthenticationService.swift */ = {isa = PBXFileReference; lastKnownFileType = sourcecode.swift; path = AuthenticationService.swift; sourceTree = "<group>"; };
		0AF2CFB42610C88E006903CC /* OAuthToken.swift */ = {isa = PBXFileReference; lastKnownFileType = sourcecode.swift; path = OAuthToken.swift; sourceTree = "<group>"; };
		0AF2CFB92610CE77006903CC /* ApiService.swift */ = {isa = PBXFileReference; lastKnownFileType = sourcecode.swift; path = ApiService.swift; sourceTree = "<group>"; };
		0AF2CFC92610CFF8006903CC /* ApiTarget.swift */ = {isa = PBXFileReference; lastKnownFileType = sourcecode.swift; path = ApiTarget.swift; sourceTree = "<group>"; };
		0AF2CFCC2610D29B006903CC /* Bundle+localizationCode.swift */ = {isa = PBXFileReference; lastKnownFileType = sourcecode.swift; path = "Bundle+localizationCode.swift"; sourceTree = "<group>"; };
		0AF2CFD22610D300006903CC /* ApiRequestable.swift */ = {isa = PBXFileReference; lastKnownFileType = sourcecode.swift; path = ApiRequestable.swift; sourceTree = "<group>"; };
		0AF2CFDA2610F48D006903CC /* ApiResponseError.swift */ = {isa = PBXFileReference; lastKnownFileType = sourcecode.swift; path = ApiResponseError.swift; sourceTree = "<group>"; };
		0AF2CFDD2610F659006903CC /* ApiResponseArray.swift */ = {isa = PBXFileReference; lastKnownFileType = sourcecode.swift; path = ApiResponseArray.swift; sourceTree = "<group>"; };
		0AF2CFE02610F685006903CC /* ApiSafeDecodable.swift */ = {isa = PBXFileReference; lastKnownFileType = sourcecode.swift; path = ApiSafeDecodable.swift; sourceTree = "<group>"; };
		0AF2CFE326124032006903CC /* ApiRequest.swift */ = {isa = PBXFileReference; lastKnownFileType = sourcecode.swift; path = ApiRequest.swift; sourceTree = "<group>"; };
		0AF2CFE7261243AD006903CC /* MultipartFormDataConvertible.swift */ = {isa = PBXFileReference; lastKnownFileType = sourcecode.swift; path = MultipartFormDataConvertible.swift; sourceTree = "<group>"; };
		0AF2CFEA2612587A006903CC /* ApiServicesAssembly.swift */ = {isa = PBXFileReference; lastKnownFileType = sourcecode.swift; path = ApiServicesAssembly.swift; sourceTree = "<group>"; };
		0AF2CFEF2613A43C006903CC /* OAuthServiceTarget.swift */ = {isa = PBXFileReference; lastKnownFileType = sourcecode.swift; path = OAuthServiceTarget.swift; sourceTree = "<group>"; };
		0AF2CFF22617B51A006903CC /* Token.swift */ = {isa = PBXFileReference; lastKnownFileType = sourcecode.swift; path = Token.swift; sourceTree = "<group>"; };
		0AF2CFF62619FE2A006903CC /* Observable+asVoid.swift */ = {isa = PBXFileReference; lastKnownFileType = sourcecode.swift; path = "Observable+asVoid.swift"; sourceTree = "<group>"; };
		0AF2CFFA261A0261006903CC /* ApiRequestAdapter.swift */ = {isa = PBXFileReference; lastKnownFileType = sourcecode.swift; path = ApiRequestAdapter.swift; sourceTree = "<group>"; };
		3A39E3AEB79F0A71461C36FB /* Pods-Lapa.debug.xcconfig */ = {isa = PBXFileReference; includeInIndex = 1; lastKnownFileType = text.xcconfig; name = "Pods-Lapa.debug.xcconfig"; path = "Target Support Files/Pods-Lapa/Pods-Lapa.debug.xcconfig"; sourceTree = "<group>"; };
		85E4B059F21F6717E85E8175 /* Pods_Lapa.framework */ = {isa = PBXFileReference; explicitFileType = wrapper.framework; includeInIndex = 0; path = Pods_Lapa.framework; sourceTree = BUILT_PRODUCTS_DIR; };
		D25FE9DE9FEE173E1B05181B /* Pods-Lapa.release.xcconfig */ = {isa = PBXFileReference; includeInIndex = 1; lastKnownFileType = text.xcconfig; name = "Pods-Lapa.release.xcconfig"; path = "Target Support Files/Pods-Lapa/Pods-Lapa.release.xcconfig"; sourceTree = "<group>"; };
/* End PBXFileReference section */

/* Begin PBXFrameworksBuildPhase section */
		0A1A9725260529C5007E84DF /* Frameworks */ = {
			isa = PBXFrameworksBuildPhase;
			buildActionMask = 2147483647;
			files = (
				C95266B5DF26593476972641 /* Pods_Lapa.framework in Frameworks */,
			);
			runOnlyForDeploymentPostprocessing = 0;
		};
/* End PBXFrameworksBuildPhase section */

/* Begin PBXGroup section */
		0A1A971F260529C5007E84DF = {
			isa = PBXGroup;
			children = (
				0A1A972A260529C5007E84DF /* Lapa */,
				0A1A9729260529C5007E84DF /* Products */,
				3393855E0240C84F675C213D /* Pods */,
				75924DB81FEF161E065A3349 /* Frameworks */,
			);
			sourceTree = "<group>";
		};
		0A1A9729260529C5007E84DF /* Products */ = {
			isa = PBXGroup;
			children = (
				0A1A9728260529C5007E84DF /* Lapa.app */,
			);
			name = Products;
			sourceTree = "<group>";
		};
		0A1A972A260529C5007E84DF /* Lapa */ = {
			isa = PBXGroup;
			children = (
				0A1A972B260529C5007E84DF /* AppDelegate.swift */,
				0A1A972D260529C5007E84DF /* SceneDelegate.swift */,
				0A1A9734260529C7007E84DF /* Assets.xcassets */,
				0A1A9736260529C7007E84DF /* LaunchScreen.storyboard */,
				0A1A9739260529C7007E84DF /* Info.plist */,
				0AF2CFAB260FA99A006903CC /* Model */,
				0A1A977726077912007E84DF /* Application Layer */,
				0A1A9776260778DC007E84DF /* Presentation Layer */,
				0A1A974E26053438007E84DF /* Helpers */,
				0A96B1C52625C9CB0072216A /* Views */,
			);
			path = Lapa;
			sourceTree = "<group>";
		};
		0A1A974326053180007E84DF /* Coordinator */ = {
			isa = PBXGroup;
			children = (
				0A1A97442605319D007E84DF /* Coordinatable.swift */,
				0A1A9748260531DC007E84DF /* Presentable.swift */,
				0A1A974B26053274007E84DF /* Routable.swift */,
				0A1A97532605368D007E84DF /* BaseCoordinator.swift */,
				0A1A976826075A8B007E84DF /* AppRouter.swift */,
			);
			path = Coordinator;
			sourceTree = "<group>";
		};
		0A1A974E26053438007E84DF /* Helpers */ = {
			isa = PBXGroup;
			children = (
				0A96B1C02625C2A30072216A /* StackView */,
				0A96B1BB26249FE70072216A /* Architecture */,
				0A96B1A22623F1490072216A /* Styles */,
				0AF2CFFE261A02B1006903CC /* Api */,
				0A6ED2ED2607966D00807C43 /* Extensions */,
				0A1A974F26053457007E84DF /* Typealiases.swift */,
			);
			path = Helpers;
			sourceTree = "<group>";
		};
		0A1A977426077817007E84DF /* MainFlow */ = {
			isa = PBXGroup;
			children = (
				0A9DA96A26079295007D935D /* MainCoordinatorAssembly.swift */,
			);
			path = MainFlow;
			sourceTree = "<group>";
		};
		0A1A977526077840007E84DF /* AuthFlow */ = {
			isa = PBXGroup;
			children = (
				0AE0831D262699EB00F8DFCD /* Validation */,
				0A6ED2F526079E3000807C43 /* Auth */,
				0A9DA96726078F60007D935D /* AuthCoordinatorAssembly.swift */,
				0A6ED30526079FF000807C43 /* AuthCoordinator.swift */,
			);
			path = AuthFlow;
			sourceTree = "<group>";
		};
		0A1A9776260778DC007E84DF /* Presentation Layer */ = {
			isa = PBXGroup;
			children = (
				0A1A977426077817007E84DF /* MainFlow */,
				0A1A977526077840007E84DF /* AuthFlow */,
			);
			path = "Presentation Layer";
			sourceTree = "<group>";
		};
		0A1A977726077912007E84DF /* Application Layer */ = {
			isa = PBXGroup;
			children = (
				0A1A974326053180007E84DF /* Coordinator */,
				0A1A977826077970007E84DF /* ServicesAssembly.swift */,
				0A1A977126077489007E84DF /* AppCoordinatorAssembly.swift */,
				0A1A9761260637E0007E84DF /* AppCoordinator.swift */,
			);
			path = "Application Layer";
			sourceTree = "<group>";
		};
		0A6ED2ED2607966D00807C43 /* Extensions */ = {
			isa = PBXGroup;
			children = (
				0A96B182262356DC0072216A /* UIKit */,
				0AF2CFF52619FE19006903CC /* Rx */,
				0A6ED2EE260796C200807C43 /* Notification.Name+Logout.swift */,
				0AF2CFCC2610D29B006903CC /* Bundle+localizationCode.swift */,
			);
			path = Extensions;
			sourceTree = "<group>";
		};
		0A6ED2F526079E3000807C43 /* Auth */ = {
			isa = PBXGroup;
			children = (
				0A6ED2F826079E3000807C43 /* AuthModuleAssembly.swift */,
				0A6ED2FD26079E3000807C43 /* AuthModule.swift */,
				0A6ED2F626079E3000807C43 /* ViewModel */,
				0A6ED2F926079E3000807C43 /* View */,
				0A6ED2FB26079E3000807C43 /* ViewController */,
			);
			path = Auth;
			sourceTree = "<group>";
		};
		0A6ED2F626079E3000807C43 /* ViewModel */ = {
			isa = PBXGroup;
			children = (
				0A6ED2F726079E3000807C43 /* AuthViewModel.swift */,
			);
			path = ViewModel;
			sourceTree = "<group>";
		};
		0A6ED2F926079E3000807C43 /* View */ = {
			isa = PBXGroup;
			children = (
				0A6ED2FA26079E3000807C43 /* AuthView.swift */,
			);
			path = View;
			sourceTree = "<group>";
		};
		0A6ED2FB26079E3000807C43 /* ViewController */ = {
			isa = PBXGroup;
			children = (
				0A6ED2FC26079E3000807C43 /* AuthViewController.swift */,
			);
			path = ViewController;
			sourceTree = "<group>";
		};
		0A96B182262356DC0072216A /* UIKit */ = {
			isa = PBXGroup;
			children = (
				0A96B187262357FE0072216A /* VMExtensions */,
				0A96B183262356EE0072216A /* UIViewController+ViewHolder.swift */,
				0A96B1992623EA7B0072216A /* UIViewController+Alert.swift */,
				0A96B1CA2625CBD80072216A /* UIColor.swift */,
				0A571EC42647051B0076BA3D /* UIView+SafeArea.swift */,
			);
			path = UIKit;
			sourceTree = "<group>";
		};
		0A96B187262357FE0072216A /* VMExtensions */ = {
			isa = PBXGroup;
			children = (
				0A96B1882623580D0072216A /* VMErrorType.swift */,
				0A96B18B2623583C0072216A /* VMLoadingType.swift */,
				0A96B190262358B10072216A /* UIViewController+VMErrorType.swift */,
				0A96B195262358DC0072216A /* UIViewController+VMLoadingType.swift */,
				0A96B19C2623ECA60072216A /* UIView+ErrorView.swift */,
				0A96B19F2623ED2F0072216A /* ErrorView.swift */,
				0A96B1B22624969C0072216A /* Activity */,
				0A96B1AA2623F2FC0072216A /* ProgressView */,
			);
			path = VMExtensions;
			sourceTree = "<group>";
		};
		0A96B1A22623F1490072216A /* Styles */ = {
			isa = PBXGroup;
			children = (
				0A96B1A32623F15A0072216A /* Fonts.swift */,
				0A96B1B7262497510072216A /* Layout.swift */,
			);
			path = Styles;
			sourceTree = "<group>";
		};
		0A96B1AA2623F2FC0072216A /* ProgressView */ = {
			isa = PBXGroup;
			children = (
				0A96B1A72623F2BC0072216A /* ProgressView.swift */,
				0A96B1AB2623F3110072216A /* ProgressSuccessView.swift */,
			);
			path = ProgressView;
			sourceTree = "<group>";
		};
		0A96B1B22624969C0072216A /* Activity */ = {
			isa = PBXGroup;
			children = (
				0A96B1AF2624961E0072216A /* UIView+ActivityIndicator.swift */,
				0A96B1B3262496B60072216A /* ActivityIndicatorView.swift */,
			);
			path = Activity;
			sourceTree = "<group>";
		};
		0A96B1BB26249FE70072216A /* Architecture */ = {
			isa = PBXGroup;
			children = (
				0A96B1BC26249FF60072216A /* ViewModelTransform.swift */,
			);
			path = Architecture;
			sourceTree = "<group>";
		};
		0A96B1C02625C2A30072216A /* StackView */ = {
			isa = PBXGroup;
			children = (
				0A96B1C12625C2B40072216A /* StackViewBuilder.swift */,
			);
			path = StackView;
			sourceTree = "<group>";
		};
		0A96B1C52625C9CB0072216A /* Views */ = {
			isa = PBXGroup;
			children = (
				0A96B1C62625C9EB0072216A /* HighlightedButton.swift */,
				0A96B1CF2625CD160072216A /* PrimaryButton.swift */,
				0A571EC22646FD520076BA3D /* PrimaryTextField.swift */,
			);
			path = Views;
			sourceTree = "<group>";
		};
		0ABE9E0B261A436E0019FF26 /* Old */ = {
			isa = PBXGroup;
			children = (
				0AF2CFFA261A0261006903CC /* ApiRequestAdapter.swift */,
				0ABE9E04261A231E0019FF26 /* ApiRequestRetrier.swift */,
			);
			path = Old;
			sourceTree = "<group>";
		};
		0ABE9E0D261E24000019FF26 /* AuthenticationService */ = {
			isa = PBXGroup;
			children = (
				0AF2CFAF2610C843006903CC /* AuthenticationService.swift */,
				0AF2CFEF2613A43C006903CC /* OAuthServiceTarget.swift */,
				0ABE9E0E261E241E0019FF26 /* AuthenticationServiceAssembly.swift */,
			);
			path = AuthenticationService;
			sourceTree = "<group>";
		};
		0AE0831D262699EB00F8DFCD /* Validation */ = {
			isa = PBXGroup;
			children = (
				0AE08325262699EB00F8DFCD /* ValidationModuleAssembly.swift */,
				0AE08320262699EB00F8DFCD /* ValidationModule.swift */,
				0AE0831E262699EB00F8DFCD /* ViewModel */,
				0AE08321262699EB00F8DFCD /* View */,
				0AE08323262699EB00F8DFCD /* ViewController */,
			);
			path = Validation;
			sourceTree = "<group>";
		};
		0AE0831E262699EB00F8DFCD /* ViewModel */ = {
			isa = PBXGroup;
			children = (
				0AE0831F262699EB00F8DFCD /* ValidationViewModel.swift */,
			);
			path = ViewModel;
			sourceTree = "<group>";
		};
		0AE08321262699EB00F8DFCD /* View */ = {
			isa = PBXGroup;
			children = (
				0AE08322262699EB00F8DFCD /* ValidationView.swift */,
			);
			path = View;
			sourceTree = "<group>";
		};
		0AE08323262699EB00F8DFCD /* ViewController */ = {
			isa = PBXGroup;
			children = (
				0AE08324262699EB00F8DFCD /* ValidationViewController.swift */,
			);
			path = ViewController;
			sourceTree = "<group>";
		};
		0AF2CFAB260FA99A006903CC /* Model */ = {
			isa = PBXGroup;
			children = (
				0AF2CFAE260FA9BE006903CC /* Entities */,
				0AF2CFAC260FA9AC006903CC /* Services */,
			);
			path = Model;
			sourceTree = "<group>";
		};
		0AF2CFAC260FA9AC006903CC /* Services */ = {
			isa = PBXGroup;
			children = (
				0ABE9E0D261E24000019FF26 /* AuthenticationService */,
				0AF2CFB82610CDED006903CC /* Network */,
			);
			path = Services;
			sourceTree = "<group>";
		};
		0AF2CFAE260FA9BE006903CC /* Entities */ = {
			isa = PBXGroup;
			children = (
				0AF2CFB32610C882006903CC /* OAuth */,
			);
			path = Entities;
			sourceTree = "<group>";
		};
		0AF2CFB32610C882006903CC /* OAuth */ = {
			isa = PBXGroup;
			children = (
				0AF2CFB42610C88E006903CC /* OAuthToken.swift */,
				0AF2CFF22617B51A006903CC /* Token.swift */,
			);
			path = OAuth;
			sourceTree = "<group>";
		};
		0AF2CFB82610CDED006903CC /* Network */ = {
			isa = PBXGroup;
			children = (
				0AF2CFEA2612587A006903CC /* ApiServicesAssembly.swift */,
				0AF2CFED26125881006903CC /* Api */,
			);
			path = Network;
			sourceTree = "<group>";
		};
		0AF2CFED26125881006903CC /* Api */ = {
			isa = PBXGroup;
			children = (
				0ABE9E0B261A436E0019FF26 /* Old */,
				0ABE9E07261A42620019FF26 /* ApiRequestInterceptor.swift */,
				0AF2CFB92610CE77006903CC /* ApiService.swift */,
				0AF2CFD22610D300006903CC /* ApiRequestable.swift */,
				0AF2CFE326124032006903CC /* ApiRequest.swift */,
				0AF2CFC92610CFF8006903CC /* ApiTarget.swift */,
				0AF2CFDA2610F48D006903CC /* ApiResponseError.swift */,
				0AF2CFE7261243AD006903CC /* MultipartFormDataConvertible.swift */,
			);
			path = Api;
			sourceTree = "<group>";
		};
		0AF2CFF52619FE19006903CC /* Rx */ = {
			isa = PBXGroup;
			children = (
				0AF2CFF62619FE2A006903CC /* Observable+asVoid.swift */,
				0A96B1DA2625DAD90072216A /* ObservableType+LoadingSequence.swift */,
			);
			path = Rx;
			sourceTree = "<group>";
		};
		0AF2CFFE261A02B1006903CC /* Api */ = {
			isa = PBXGroup;
			children = (
				0AF2CFE02610F685006903CC /* ApiSafeDecodable.swift */,
				0AF2CFDD2610F659006903CC /* ApiResponseArray.swift */,
				0A96B1D42625D8930072216A /* LoadingSequence.swift */,
				0A96B1D72625D9410072216A /* CustomResult.swift */,
			);
			path = Api;
			sourceTree = "<group>";
		};
		3393855E0240C84F675C213D /* Pods */ = {
			isa = PBXGroup;
			children = (
				3A39E3AEB79F0A71461C36FB /* Pods-Lapa.debug.xcconfig */,
				D25FE9DE9FEE173E1B05181B /* Pods-Lapa.release.xcconfig */,
			);
			path = Pods;
			sourceTree = "<group>";
		};
		75924DB81FEF161E065A3349 /* Frameworks */ = {
			isa = PBXGroup;
			children = (
				85E4B059F21F6717E85E8175 /* Pods_Lapa.framework */,
			);
			name = Frameworks;
			sourceTree = "<group>";
		};
/* End PBXGroup section */

/* Begin PBXNativeTarget section */
		0A1A9727260529C5007E84DF /* Lapa */ = {
			isa = PBXNativeTarget;
			buildConfigurationList = 0A1A973C260529C7007E84DF /* Build configuration list for PBXNativeTarget "Lapa" */;
			buildPhases = (
				193867D1BCCBC9A8521693DC /* [CP] Check Pods Manifest.lock */,
				0A1A9724260529C5007E84DF /* Sources */,
				0A1A9725260529C5007E84DF /* Frameworks */,
				0A1A9726260529C5007E84DF /* Resources */,
				176D6D0D6C0F2445D546E5AB /* [CP] Embed Pods Frameworks */,
			);
			buildRules = (
			);
			dependencies = (
			);
			name = Lapa;
			productName = Lapa;
			productReference = 0A1A9728260529C5007E84DF /* Lapa.app */;
			productType = "com.apple.product-type.application";
		};
/* End PBXNativeTarget section */

/* Begin PBXProject section */
		0A1A9720260529C5007E84DF /* Project object */ = {
			isa = PBXProject;
			attributes = {
				LastSwiftUpdateCheck = 1240;
				LastUpgradeCheck = 1240;
				TargetAttributes = {
					0A1A9727260529C5007E84DF = {
						CreatedOnToolsVersion = 12.4;
					};
				};
			};
			buildConfigurationList = 0A1A9723260529C5007E84DF /* Build configuration list for PBXProject "Lapa" */;
			compatibilityVersion = "Xcode 9.3";
			developmentRegion = en;
			hasScannedForEncodings = 0;
			knownRegions = (
				en,
				Base,
			);
			mainGroup = 0A1A971F260529C5007E84DF;
			productRefGroup = 0A1A9729260529C5007E84DF /* Products */;
			projectDirPath = "";
			projectRoot = "";
			targets = (
				0A1A9727260529C5007E84DF /* Lapa */,
			);
		};
/* End PBXProject section */

/* Begin PBXResourcesBuildPhase section */
		0A1A9726260529C5007E84DF /* Resources */ = {
			isa = PBXResourcesBuildPhase;
			buildActionMask = 2147483647;
			files = (
				0A1A9738260529C7007E84DF /* LaunchScreen.storyboard in Resources */,
				0A1A9735260529C7007E84DF /* Assets.xcassets in Resources */,
			);
			runOnlyForDeploymentPostprocessing = 0;
		};
/* End PBXResourcesBuildPhase section */

/* Begin PBXShellScriptBuildPhase section */
		176D6D0D6C0F2445D546E5AB /* [CP] Embed Pods Frameworks */ = {
			isa = PBXShellScriptBuildPhase;
			buildActionMask = 2147483647;
			files = (
			);
			inputFileListPaths = (
				"${PODS_ROOT}/Target Support Files/Pods-Lapa/Pods-Lapa-frameworks-${CONFIGURATION}-input-files.xcfilelist",
			);
			name = "[CP] Embed Pods Frameworks";
			outputFileListPaths = (
				"${PODS_ROOT}/Target Support Files/Pods-Lapa/Pods-Lapa-frameworks-${CONFIGURATION}-output-files.xcfilelist",
			);
			runOnlyForDeploymentPostprocessing = 0;
			shellPath = /bin/sh;
			shellScript = "\"${PODS_ROOT}/Target Support Files/Pods-Lapa/Pods-Lapa-frameworks.sh\"\n";
			showEnvVarsInLog = 0;
		};
		193867D1BCCBC9A8521693DC /* [CP] Check Pods Manifest.lock */ = {
			isa = PBXShellScriptBuildPhase;
			buildActionMask = 2147483647;
			files = (
			);
			inputFileListPaths = (
			);
			inputPaths = (
				"${PODS_PODFILE_DIR_PATH}/Podfile.lock",
				"${PODS_ROOT}/Manifest.lock",
			);
			name = "[CP] Check Pods Manifest.lock";
			outputFileListPaths = (
			);
			outputPaths = (
				"$(DERIVED_FILE_DIR)/Pods-Lapa-checkManifestLockResult.txt",
			);
			runOnlyForDeploymentPostprocessing = 0;
			shellPath = /bin/sh;
			shellScript = "diff \"${PODS_PODFILE_DIR_PATH}/Podfile.lock\" \"${PODS_ROOT}/Manifest.lock\" > /dev/null\nif [ $? != 0 ] ; then\n    # print error to STDERR\n    echo \"error: The sandbox is not in sync with the Podfile.lock. Run 'pod install' or update your CocoaPods installation.\" >&2\n    exit 1\nfi\n# This output is used by Xcode 'outputs' to avoid re-running this script phase.\necho \"SUCCESS\" > \"${SCRIPT_OUTPUT_FILE_0}\"\n";
			showEnvVarsInLog = 0;
		};
/* End PBXShellScriptBuildPhase section */

/* Begin PBXSourcesBuildPhase section */
		0A1A9724260529C5007E84DF /* Sources */ = {
			isa = PBXSourcesBuildPhase;
			buildActionMask = 2147483647;
			files = (
				0A96B19A2623EA7B0072216A /* UIViewController+Alert.swift in Sources */,
				0AF2CFCD2610D29B006903CC /* Bundle+localizationCode.swift in Sources */,
				0AF2CFF02613A43C006903CC /* OAuthServiceTarget.swift in Sources */,
				0A1A977926077970007E84DF /* ServicesAssembly.swift in Sources */,
				0A96B1C72625C9EB0072216A /* HighlightedButton.swift in Sources */,
				0A96B1A82623F2BC0072216A /* ProgressView.swift in Sources */,
				0A96B1D82625D9410072216A /* CustomResult.swift in Sources */,
				0A1A974C26053274007E84DF /* Routable.swift in Sources */,
				0A96B1B02624961E0072216A /* UIView+ActivityIndicator.swift in Sources */,
				0A1A975026053457007E84DF /* Typealiases.swift in Sources */,
				0AE08327262699EB00F8DFCD /* ValidationModule.swift in Sources */,
				0AF2CFE12610F685006903CC /* ApiSafeDecodable.swift in Sources */,
				0A96B1D52625D8930072216A /* LoadingSequence.swift in Sources */,
				0A6ED30226079E3000807C43 /* AuthModule.swift in Sources */,
				0AF2CFF72619FE2A006903CC /* Observable+asVoid.swift in Sources */,
				0A96B1C22625C2B40072216A /* StackViewBuilder.swift in Sources */,
				0A96B1B4262496B60072216A /* ActivityIndicatorView.swift in Sources */,
				0A1A97452605319D007E84DF /* Coordinatable.swift in Sources */,
				0A96B1892623580D0072216A /* VMErrorType.swift in Sources */,
				0A96B196262358DC0072216A /* UIViewController+VMLoadingType.swift in Sources */,
				0A6ED2EF260796C200807C43 /* Notification.Name+Logout.swift in Sources */,
				0AE08328262699EB00F8DFCD /* ValidationView.swift in Sources */,
				0A96B1A02623ED2F0072216A /* ErrorView.swift in Sources */,
				0A96B1B8262497510072216A /* Layout.swift in Sources */,
				0A96B1AC2623F3110072216A /* ProgressSuccessView.swift in Sources */,
				0ABE9E05261A231E0019FF26 /* ApiRequestRetrier.swift in Sources */,
				0AF2CFE426124033006903CC /* ApiRequest.swift in Sources */,
				0A96B1A42623F15A0072216A /* Fonts.swift in Sources */,
				0AF2CFB02610C843006903CC /* AuthenticationService.swift in Sources */,
				0A96B1D02625CD160072216A /* PrimaryButton.swift in Sources */,
				0AF2CFB52610C88E006903CC /* OAuthToken.swift in Sources */,
				0ABE9E08261A42620019FF26 /* ApiRequestInterceptor.swift in Sources */,
				0A6ED2FE26079E3000807C43 /* AuthViewModel.swift in Sources */,
				0A1A972C260529C5007E84DF /* AppDelegate.swift in Sources */,
				0A1A9749260531DC007E84DF /* Presentable.swift in Sources */,
				0AF2CFF32617B51A006903CC /* Token.swift in Sources */,
				0A96B1BD26249FF60072216A /* ViewModelTransform.swift in Sources */,
				0AF2CFCA2610CFF8006903CC /* ApiTarget.swift in Sources */,
				0AF2CFE8261243AD006903CC /* MultipartFormDataConvertible.swift in Sources */,
				0A96B1DB2625DAD90072216A /* ObservableType+LoadingSequence.swift in Sources */,
				0A571EC52647051B0076BA3D /* UIView+SafeArea.swift in Sources */,
				0AF2CFDB2610F48D006903CC /* ApiResponseError.swift in Sources */,
				0A571EC32646FD520076BA3D /* PrimaryTextField.swift in Sources */,
				0A1A9762260637E0007E84DF /* AppCoordinator.swift in Sources */,
				0A96B184262356EE0072216A /* UIViewController+ViewHolder.swift in Sources */,
				0AF2CFFB261A0261006903CC /* ApiRequestAdapter.swift in Sources */,
				0AE0832A262699EB00F8DFCD /* ValidationModuleAssembly.swift in Sources */,
				0AF2CFEB2612587A006903CC /* ApiServicesAssembly.swift in Sources */,
				0A6ED30626079FF000807C43 /* AuthCoordinator.swift in Sources */,
				0A9DA96B26079295007D935D /* MainCoordinatorAssembly.swift in Sources */,
				0A96B1CB2625CBD80072216A /* UIColor.swift in Sources */,
				0AF2CFDE2610F659006903CC /* ApiResponseArray.swift in Sources */,
				0A96B19D2623ECA60072216A /* UIView+ErrorView.swift in Sources */,
				0ABE9E0F261E241E0019FF26 /* AuthenticationServiceAssembly.swift in Sources */,
				0A1A972E260529C5007E84DF /* SceneDelegate.swift in Sources */,
				0A96B191262358B10072216A /* UIViewController+VMErrorType.swift in Sources */,
				0A6ED2FF26079E3000807C43 /* AuthModuleAssembly.swift in Sources */,
				0A1A977226077489007E84DF /* AppCoordinatorAssembly.swift in Sources */,
				0A1A976926075A8B007E84DF /* AppRouter.swift in Sources */,
				0AF2CFBA2610CE77006903CC /* ApiService.swift in Sources */,
				0A6ED30026079E3000807C43 /* AuthView.swift in Sources */,
				0A96B18C2623583C0072216A /* VMLoadingType.swift in Sources */,
				0AE08326262699EB00F8DFCD /* ValidationViewModel.swift in Sources */,
				0A9DA96826078F60007D935D /* AuthCoordinatorAssembly.swift in Sources */,
				0A6ED30126079E3000807C43 /* AuthViewController.swift in Sources */,
				0AF2CFD32610D300006903CC /* ApiRequestable.swift in Sources */,
				0A1A97542605368D007E84DF /* BaseCoordinator.swift in Sources */,
				0AE08329262699EB00F8DFCD /* ValidationViewController.swift in Sources */,
			);
			runOnlyForDeploymentPostprocessing = 0;
		};
/* End PBXSourcesBuildPhase section */

/* Begin PBXVariantGroup section */
		0A1A9736260529C7007E84DF /* LaunchScreen.storyboard */ = {
			isa = PBXVariantGroup;
			children = (
				0A1A9737260529C7007E84DF /* Base */,
			);
			name = LaunchScreen.storyboard;
			sourceTree = "<group>";
		};
/* End PBXVariantGroup section */

/* Begin XCBuildConfiguration section */
		0A1A973A260529C7007E84DF /* Debug */ = {
			isa = XCBuildConfiguration;
			buildSettings = {
				ALWAYS_SEARCH_USER_PATHS = NO;
				CLANG_ANALYZER_NONNULL = YES;
				CLANG_ANALYZER_NUMBER_OBJECT_CONVERSION = YES_AGGRESSIVE;
				CLANG_CXX_LANGUAGE_STANDARD = "gnu++14";
				CLANG_CXX_LIBRARY = "libc++";
				CLANG_ENABLE_MODULES = YES;
				CLANG_ENABLE_OBJC_ARC = YES;
				CLANG_ENABLE_OBJC_WEAK = YES;
				CLANG_WARN_BLOCK_CAPTURE_AUTORELEASING = YES;
				CLANG_WARN_BOOL_CONVERSION = YES;
				CLANG_WARN_COMMA = YES;
				CLANG_WARN_CONSTANT_CONVERSION = YES;
				CLANG_WARN_DEPRECATED_OBJC_IMPLEMENTATIONS = YES;
				CLANG_WARN_DIRECT_OBJC_ISA_USAGE = YES_ERROR;
				CLANG_WARN_DOCUMENTATION_COMMENTS = YES;
				CLANG_WARN_EMPTY_BODY = YES;
				CLANG_WARN_ENUM_CONVERSION = YES;
				CLANG_WARN_INFINITE_RECURSION = YES;
				CLANG_WARN_INT_CONVERSION = YES;
				CLANG_WARN_NON_LITERAL_NULL_CONVERSION = YES;
				CLANG_WARN_OBJC_IMPLICIT_RETAIN_SELF = YES;
				CLANG_WARN_OBJC_LITERAL_CONVERSION = YES;
				CLANG_WARN_OBJC_ROOT_CLASS = YES_ERROR;
				CLANG_WARN_QUOTED_INCLUDE_IN_FRAMEWORK_HEADER = YES;
				CLANG_WARN_RANGE_LOOP_ANALYSIS = YES;
				CLANG_WARN_STRICT_PROTOTYPES = YES;
				CLANG_WARN_SUSPICIOUS_MOVE = YES;
				CLANG_WARN_UNGUARDED_AVAILABILITY = YES_AGGRESSIVE;
				CLANG_WARN_UNREACHABLE_CODE = YES;
				CLANG_WARN__DUPLICATE_METHOD_MATCH = YES;
				COPY_PHASE_STRIP = NO;
				DEBUG_INFORMATION_FORMAT = dwarf;
				ENABLE_STRICT_OBJC_MSGSEND = YES;
				ENABLE_TESTABILITY = YES;
				GCC_C_LANGUAGE_STANDARD = gnu11;
				GCC_DYNAMIC_NO_PIC = NO;
				GCC_NO_COMMON_BLOCKS = YES;
				GCC_OPTIMIZATION_LEVEL = 0;
				GCC_PREPROCESSOR_DEFINITIONS = (
					"DEBUG=1",
					"$(inherited)",
				);
				GCC_WARN_64_TO_32_BIT_CONVERSION = YES;
				GCC_WARN_ABOUT_RETURN_TYPE = YES_ERROR;
				GCC_WARN_UNDECLARED_SELECTOR = YES;
				GCC_WARN_UNINITIALIZED_AUTOS = YES_AGGRESSIVE;
				GCC_WARN_UNUSED_FUNCTION = YES;
				GCC_WARN_UNUSED_VARIABLE = YES;
				IPHONEOS_DEPLOYMENT_TARGET = 14.4;
				MTL_ENABLE_DEBUG_INFO = INCLUDE_SOURCE;
				MTL_FAST_MATH = YES;
				ONLY_ACTIVE_ARCH = YES;
				SDKROOT = iphoneos;
				SWIFT_ACTIVE_COMPILATION_CONDITIONS = DEBUG;
				SWIFT_OPTIMIZATION_LEVEL = "-Onone";
			};
			name = Debug;
		};
		0A1A973B260529C7007E84DF /* Release */ = {
			isa = XCBuildConfiguration;
			buildSettings = {
				ALWAYS_SEARCH_USER_PATHS = NO;
				CLANG_ANALYZER_NONNULL = YES;
				CLANG_ANALYZER_NUMBER_OBJECT_CONVERSION = YES_AGGRESSIVE;
				CLANG_CXX_LANGUAGE_STANDARD = "gnu++14";
				CLANG_CXX_LIBRARY = "libc++";
				CLANG_ENABLE_MODULES = YES;
				CLANG_ENABLE_OBJC_ARC = YES;
				CLANG_ENABLE_OBJC_WEAK = YES;
				CLANG_WARN_BLOCK_CAPTURE_AUTORELEASING = YES;
				CLANG_WARN_BOOL_CONVERSION = YES;
				CLANG_WARN_COMMA = YES;
				CLANG_WARN_CONSTANT_CONVERSION = YES;
				CLANG_WARN_DEPRECATED_OBJC_IMPLEMENTATIONS = YES;
				CLANG_WARN_DIRECT_OBJC_ISA_USAGE = YES_ERROR;
				CLANG_WARN_DOCUMENTATION_COMMENTS = YES;
				CLANG_WARN_EMPTY_BODY = YES;
				CLANG_WARN_ENUM_CONVERSION = YES;
				CLANG_WARN_INFINITE_RECURSION = YES;
				CLANG_WARN_INT_CONVERSION = YES;
				CLANG_WARN_NON_LITERAL_NULL_CONVERSION = YES;
				CLANG_WARN_OBJC_IMPLICIT_RETAIN_SELF = YES;
				CLANG_WARN_OBJC_LITERAL_CONVERSION = YES;
				CLANG_WARN_OBJC_ROOT_CLASS = YES_ERROR;
				CLANG_WARN_QUOTED_INCLUDE_IN_FRAMEWORK_HEADER = YES;
				CLANG_WARN_RANGE_LOOP_ANALYSIS = YES;
				CLANG_WARN_STRICT_PROTOTYPES = YES;
				CLANG_WARN_SUSPICIOUS_MOVE = YES;
				CLANG_WARN_UNGUARDED_AVAILABILITY = YES_AGGRESSIVE;
				CLANG_WARN_UNREACHABLE_CODE = YES;
				CLANG_WARN__DUPLICATE_METHOD_MATCH = YES;
				COPY_PHASE_STRIP = NO;
				DEBUG_INFORMATION_FORMAT = "dwarf-with-dsym";
				ENABLE_NS_ASSERTIONS = NO;
				ENABLE_STRICT_OBJC_MSGSEND = YES;
				GCC_C_LANGUAGE_STANDARD = gnu11;
				GCC_NO_COMMON_BLOCKS = YES;
				GCC_WARN_64_TO_32_BIT_CONVERSION = YES;
				GCC_WARN_ABOUT_RETURN_TYPE = YES_ERROR;
				GCC_WARN_UNDECLARED_SELECTOR = YES;
				GCC_WARN_UNINITIALIZED_AUTOS = YES_AGGRESSIVE;
				GCC_WARN_UNUSED_FUNCTION = YES;
				GCC_WARN_UNUSED_VARIABLE = YES;
				IPHONEOS_DEPLOYMENT_TARGET = 14.4;
				MTL_ENABLE_DEBUG_INFO = NO;
				MTL_FAST_MATH = YES;
				SDKROOT = iphoneos;
				SWIFT_COMPILATION_MODE = wholemodule;
				SWIFT_OPTIMIZATION_LEVEL = "-O";
				VALIDATE_PRODUCT = YES;
			};
			name = Release;
		};
		0A1A973D260529C7007E84DF /* Debug */ = {
			isa = XCBuildConfiguration;
			baseConfigurationReference = 3A39E3AEB79F0A71461C36FB /* Pods-Lapa.debug.xcconfig */;
			buildSettings = {
				ASSETCATALOG_COMPILER_APPICON_NAME = AppIcon;
				ASSETCATALOG_COMPILER_GLOBAL_ACCENT_COLOR_NAME = AccentColor;
				CODE_SIGN_STYLE = Automatic;
				DEVELOPMENT_TEAM = S6ABAFXJXX;
				INFOPLIST_FILE = Lapa/Info.plist;
				LD_RUNPATH_SEARCH_PATHS = (
					"$(inherited)",
					"@executable_path/Frameworks",
				);
				PRODUCT_BUNDLE_IDENTIFIER = com.lapa.Lapa;
				PRODUCT_NAME = "$(TARGET_NAME)";
				SWIFT_VERSION = 5.0;
				TARGETED_DEVICE_FAMILY = 1;
			};
			name = Debug;
		};
		0A1A973E260529C7007E84DF /* Release */ = {
			isa = XCBuildConfiguration;
			baseConfigurationReference = D25FE9DE9FEE173E1B05181B /* Pods-Lapa.release.xcconfig */;
			buildSettings = {
				ASSETCATALOG_COMPILER_APPICON_NAME = AppIcon;
				ASSETCATALOG_COMPILER_GLOBAL_ACCENT_COLOR_NAME = AccentColor;
				CODE_SIGN_STYLE = Automatic;
				DEVELOPMENT_TEAM = S6ABAFXJXX;
				INFOPLIST_FILE = Lapa/Info.plist;
				LD_RUNPATH_SEARCH_PATHS = (
					"$(inherited)",
					"@executable_path/Frameworks",
				);
				PRODUCT_BUNDLE_IDENTIFIER = com.lapa.Lapa;
				PRODUCT_NAME = "$(TARGET_NAME)";
				SWIFT_VERSION = 5.0;
				TARGETED_DEVICE_FAMILY = 1;
			};
			name = Release;
		};
/* End XCBuildConfiguration section */

/* Begin XCConfigurationList section */
		0A1A9723260529C5007E84DF /* Build configuration list for PBXProject "Lapa" */ = {
			isa = XCConfigurationList;
			buildConfigurations = (
				0A1A973A260529C7007E84DF /* Debug */,
				0A1A973B260529C7007E84DF /* Release */,
			);
			defaultConfigurationIsVisible = 0;
			defaultConfigurationName = Release;
		};
		0A1A973C260529C7007E84DF /* Build configuration list for PBXNativeTarget "Lapa" */ = {
			isa = XCConfigurationList;
			buildConfigurations = (
				0A1A973D260529C7007E84DF /* Debug */,
				0A1A973E260529C7007E84DF /* Release */,
			);
			defaultConfigurationIsVisible = 0;
			defaultConfigurationName = Release;
		};
/* End XCConfigurationList section */
	};
	rootObject = 0A1A9720260529C5007E84DF /* Project object */;
}
